// !$*UTF8*$!
{
	archiveVersion = 1;
	classes = {
	};
	objectVersion = 46;
	objects = {

/* Begin PBXBuildFile section */
		79007461C9B7A342F1F579A5 /* Pods_TumblrFeed.framework in Frameworks */ = {isa = PBXBuildFile; fileRef = 09DA00CB34D371BB6244B3CA /* Pods_TumblrFeed.framework */; };
		AFA466971D1314CD00F50E7A /* AppDelegate.swift in Sources */ = {isa = PBXBuildFile; fileRef = AFA466961D1314CD00F50E7A /* AppDelegate.swift */; };
		AFA4669C1D1314CD00F50E7A /* Main.storyboard in Resources */ = {isa = PBXBuildFile; fileRef = AFA4669A1D1314CD00F50E7A /* Main.storyboard */; };
		AFA4669E1D1314CD00F50E7A /* Assets.xcassets in Resources */ = {isa = PBXBuildFile; fileRef = AFA4669D1D1314CD00F50E7A /* Assets.xcassets */; };
		AFA466A11D1314CD00F50E7A /* LaunchScreen.storyboard in Resources */ = {isa = PBXBuildFile; fileRef = AFA4669F1D1314CD00F50E7A /* LaunchScreen.storyboard */; };
		AFA466AC1D1314CD00F50E7A /* TumblrFeedTests.swift in Sources */ = {isa = PBXBuildFile; fileRef = AFA466AB1D1314CD00F50E7A /* TumblrFeedTests.swift */; };
		AFA466B71D1314CD00F50E7A /* TumblrFeedUITests.swift in Sources */ = {isa = PBXBuildFile; fileRef = AFA466B61D1314CD00F50E7A /* TumblrFeedUITests.swift */; };
		AFA466C51D13169600F50E7A /* PhotosViewController.swift in Sources */ = {isa = PBXBuildFile; fileRef = AFA466C41D13169600F50E7A /* PhotosViewController.swift */; };
		AFA466C71D131CA200F50E7A /* PhotoCell.swift in Sources */ = {isa = PBXBuildFile; fileRef = AFA466C61D131CA200F50E7A /* PhotoCell.swift */; };
		AFA466C91D13203F00F50E7A /* PhotoDetailsViewController.swift in Sources */ = {isa = PBXBuildFile; fileRef = AFA466C81D13203F00F50E7A /* PhotoDetailsViewController.swift */; };
		BED5E068504301372574A9F9 /* Pods_TumblrFeedTests.framework in Frameworks */ = {isa = PBXBuildFile; fileRef = 4270C3BF8759A62A859FE14F /* Pods_TumblrFeedTests.framework */; };
		E8F825AAFF4B3928ACBDBD5F /* Pods_TumblrFeedUITests.framework in Frameworks */ = {isa = PBXBuildFile; fileRef = 7DA697D93A07CCDD138F73F9 /* Pods_TumblrFeedUITests.framework */; };
/* End PBXBuildFile section */

/* Begin PBXContainerItemProxy section */
		AFA466A81D1314CD00F50E7A /* PBXContainerItemProxy */ = {
			isa = PBXContainerItemProxy;
			containerPortal = AFA4668B1D1314CD00F50E7A /* Project object */;
			proxyType = 1;
			remoteGlobalIDString = AFA466921D1314CD00F50E7A;
			remoteInfo = TumblrFeed;
		};
		AFA466B31D1314CD00F50E7A /* PBXContainerItemProxy */ = {
			isa = PBXContainerItemProxy;
			containerPortal = AFA4668B1D1314CD00F50E7A /* Project object */;
			proxyType = 1;
			remoteGlobalIDString = AFA466921D1314CD00F50E7A;
			remoteInfo = TumblrFeed;
		};
/* End PBXContainerItemProxy section */

/* Begin PBXFileReference section */
		09DA00CB34D371BB6244B3CA /* Pods_TumblrFeed.framework */ = {isa = PBXFileReference; explicitFileType = wrapper.framework; includeInIndex = 0; path = Pods_TumblrFeed.framework; sourceTree = BUILT_PRODUCTS_DIR; };
		390997328637C4630081E358 /* Pods-TumblrFeedTests.debug.xcconfig */ = {isa = PBXFileReference; includeInIndex = 1; lastKnownFileType = text.xcconfig; name = "Pods-TumblrFeedTests.debug.xcconfig"; path = "Pods/Target Support Files/Pods-TumblrFeedTests/Pods-TumblrFeedTests.debug.xcconfig"; sourceTree = "<group>"; };
		4270C3BF8759A62A859FE14F /* Pods_TumblrFeedTests.framework */ = {isa = PBXFileReference; explicitFileType = wrapper.framework; includeInIndex = 0; path = Pods_TumblrFeedTests.framework; sourceTree = BUILT_PRODUCTS_DIR; };
		4BED67CC827B735DC663EC78 /* Pods-TumblrFeed.release.xcconfig */ = {isa = PBXFileReference; includeInIndex = 1; lastKnownFileType = text.xcconfig; name = "Pods-TumblrFeed.release.xcconfig"; path = "Pods/Target Support Files/Pods-TumblrFeed/Pods-TumblrFeed.release.xcconfig"; sourceTree = "<group>"; };
		7DA697D93A07CCDD138F73F9 /* Pods_TumblrFeedUITests.framework */ = {isa = PBXFileReference; explicitFileType = wrapper.framework; includeInIndex = 0; path = Pods_TumblrFeedUITests.framework; sourceTree = BUILT_PRODUCTS_DIR; };
		9BA33FDC3FAB459C08EE6806 /* Pods-TumblrFeedTests.release.xcconfig */ = {isa = PBXFileReference; includeInIndex = 1; lastKnownFileType = text.xcconfig; name = "Pods-TumblrFeedTests.release.xcconfig"; path = "Pods/Target Support Files/Pods-TumblrFeedTests/Pods-TumblrFeedTests.release.xcconfig"; sourceTree = "<group>"; };
		AEA9F0FFE6215E8C88FAF82B /* Pods-TumblrFeed.debug.xcconfig */ = {isa = PBXFileReference; includeInIndex = 1; lastKnownFileType = text.xcconfig; name = "Pods-TumblrFeed.debug.xcconfig"; path = "Pods/Target Support Files/Pods-TumblrFeed/Pods-TumblrFeed.debug.xcconfig"; sourceTree = "<group>"; };
		AFA466931D1314CD00F50E7A /* TumblrFeed.app */ = {isa = PBXFileReference; explicitFileType = wrapper.application; includeInIndex = 0; path = TumblrFeed.app; sourceTree = BUILT_PRODUCTS_DIR; };
		AFA466961D1314CD00F50E7A /* AppDelegate.swift */ = {isa = PBXFileReference; lastKnownFileType = sourcecode.swift; path = AppDelegate.swift; sourceTree = "<group>"; };
		AFA4669B1D1314CD00F50E7A /* Base */ = {isa = PBXFileReference; lastKnownFileType = file.storyboard; name = Base; path = Base.lproj/Main.storyboard; sourceTree = "<group>"; };
		AFA4669D1D1314CD00F50E7A /* Assets.xcassets */ = {isa = PBXFileReference; lastKnownFileType = folder.assetcatalog; path = Assets.xcassets; sourceTree = "<group>"; };
		AFA466A01D1314CD00F50E7A /* Base */ = {isa = PBXFileReference; lastKnownFileType = file.storyboard; name = Base; path = Base.lproj/LaunchScreen.storyboard; sourceTree = "<group>"; };
		AFA466A21D1314CD00F50E7A /* Info.plist */ = {isa = PBXFileReference; lastKnownFileType = text.plist.xml; path = Info.plist; sourceTree = "<group>"; };
		AFA466A71D1314CD00F50E7A /* TumblrFeedTests.xctest */ = {isa = PBXFileReference; explicitFileType = wrapper.cfbundle; includeInIndex = 0; path = TumblrFeedTests.xctest; sourceTree = BUILT_PRODUCTS_DIR; };
		AFA466AB1D1314CD00F50E7A /* TumblrFeedTests.swift */ = {isa = PBXFileReference; lastKnownFileType = sourcecode.swift; path = TumblrFeedTests.swift; sourceTree = "<group>"; };
		AFA466AD1D1314CD00F50E7A /* Info.plist */ = {isa = PBXFileReference; lastKnownFileType = text.plist.xml; path = Info.plist; sourceTree = "<group>"; };
		AFA466B21D1314CD00F50E7A /* TumblrFeedUITests.xctest */ = {isa = PBXFileReference; explicitFileType = wrapper.cfbundle; includeInIndex = 0; path = TumblrFeedUITests.xctest; sourceTree = BUILT_PRODUCTS_DIR; };
		AFA466B61D1314CD00F50E7A /* TumblrFeedUITests.swift */ = {isa = PBXFileReference; lastKnownFileType = sourcecode.swift; path = TumblrFeedUITests.swift; sourceTree = "<group>"; };
		AFA466B81D1314CD00F50E7A /* Info.plist */ = {isa = PBXFileReference; lastKnownFileType = text.plist.xml; path = Info.plist; sourceTree = "<group>"; };
		AFA466C41D13169600F50E7A /* PhotosViewController.swift */ = {isa = PBXFileReference; fileEncoding = 4; lastKnownFileType = sourcecode.swift; path = PhotosViewController.swift; sourceTree = "<group>"; };
		AFA466C61D131CA200F50E7A /* PhotoCell.swift */ = {isa = PBXFileReference; fileEncoding = 4; lastKnownFileType = sourcecode.swift; path = PhotoCell.swift; sourceTree = "<group>"; };
		AFA466C81D13203F00F50E7A /* PhotoDetailsViewController.swift */ = {isa = PBXFileReference; fileEncoding = 4; lastKnownFileType = sourcecode.swift; path = PhotoDetailsViewController.swift; sourceTree = "<group>"; };
		BF311A5FE30AAC055BAB02A2 /* Pods-TumblrFeedUITests.debug.xcconfig */ = {isa = PBXFileReference; includeInIndex = 1; lastKnownFileType = text.xcconfig; name = "Pods-TumblrFeedUITests.debug.xcconfig"; path = "Pods/Target Support Files/Pods-TumblrFeedUITests/Pods-TumblrFeedUITests.debug.xcconfig"; sourceTree = "<group>"; };
		ED302EF0D572C77760563134 /* Pods-TumblrFeedUITests.release.xcconfig */ = {isa = PBXFileReference; includeInIndex = 1; lastKnownFileType = text.xcconfig; name = "Pods-TumblrFeedUITests.release.xcconfig"; path = "Pods/Target Support Files/Pods-TumblrFeedUITests/Pods-TumblrFeedUITests.release.xcconfig"; sourceTree = "<group>"; };
/* End PBXFileReference section */

/* Begin PBXFrameworksBuildPhase section */
		AFA466901D1314CD00F50E7A /* Frameworks */ = {
			isa = PBXFrameworksBuildPhase;
			buildActionMask = 2147483647;
			files = (
				79007461C9B7A342F1F579A5 /* Pods_TumblrFeed.framework in Frameworks */,
			);
			runOnlyForDeploymentPostprocessing = 0;
		};
		AFA466A41D1314CD00F50E7A /* Frameworks */ = {
			isa = PBXFrameworksBuildPhase;
			buildActionMask = 2147483647;
			files = (
				BED5E068504301372574A9F9 /* Pods_TumblrFeedTests.framework in Frameworks */,
			);
			runOnlyForDeploymentPostprocessing = 0;
		};
		AFA466AF1D1314CD00F50E7A /* Frameworks */ = {
			isa = PBXFrameworksBuildPhase;
			buildActionMask = 2147483647;
			files = (
				E8F825AAFF4B3928ACBDBD5F /* Pods_TumblrFeedUITests.framework in Frameworks */,
			);
			runOnlyForDeploymentPostprocessing = 0;
		};
/* End PBXFrameworksBuildPhase section */

/* Begin PBXGroup section */
		738645E7BCAC9962B1A796BA /* Pods */ = {
			isa = PBXGroup;
			children = (
				AEA9F0FFE6215E8C88FAF82B /* Pods-TumblrFeed.debug.xcconfig */,
				4BED67CC827B735DC663EC78 /* Pods-TumblrFeed.release.xcconfig */,
				390997328637C4630081E358 /* Pods-TumblrFeedTests.debug.xcconfig */,
				9BA33FDC3FAB459C08EE6806 /* Pods-TumblrFeedTests.release.xcconfig */,
				BF311A5FE30AAC055BAB02A2 /* Pods-TumblrFeedUITests.debug.xcconfig */,
				ED302EF0D572C77760563134 /* Pods-TumblrFeedUITests.release.xcconfig */,
			);
			name = Pods;
			sourceTree = "<group>";
		};
		9028B57DDAB6EFDA8EC9D108 /* Frameworks */ = {
			isa = PBXGroup;
			children = (
				09DA00CB34D371BB6244B3CA /* Pods_TumblrFeed.framework */,
				4270C3BF8759A62A859FE14F /* Pods_TumblrFeedTests.framework */,
				7DA697D93A07CCDD138F73F9 /* Pods_TumblrFeedUITests.framework */,
			);
			name = Frameworks;
			sourceTree = "<group>";
		};
		AFA4668A1D1314CD00F50E7A = {
			isa = PBXGroup;
			children = (
				AFA466951D1314CD00F50E7A /* TumblrFeed */,
				AFA466AA1D1314CD00F50E7A /* TumblrFeedTests */,
				AFA466B51D1314CD00F50E7A /* TumblrFeedUITests */,
				AFA466941D1314CD00F50E7A /* Products */,
				738645E7BCAC9962B1A796BA /* Pods */,
				9028B57DDAB6EFDA8EC9D108 /* Frameworks */,
			);
			sourceTree = "<group>";
		};
		AFA466941D1314CD00F50E7A /* Products */ = {
			isa = PBXGroup;
			children = (
				AFA466931D1314CD00F50E7A /* TumblrFeed.app */,
				AFA466A71D1314CD00F50E7A /* TumblrFeedTests.xctest */,
				AFA466B21D1314CD00F50E7A /* TumblrFeedUITests.xctest */,
			);
			name = Products;
			sourceTree = "<group>";
		};
		AFA466951D1314CD00F50E7A /* TumblrFeed */ = {
			isa = PBXGroup;
			children = (
				AFA466961D1314CD00F50E7A /* AppDelegate.swift */,
				AFA4669A1D1314CD00F50E7A /* Main.storyboard */,
				AFA466C81D13203F00F50E7A /* PhotoDetailsViewController.swift */,
				AFA466C61D131CA200F50E7A /* PhotoCell.swift */,
				AFA466C41D13169600F50E7A /* PhotosViewController.swift */,
				AFA4669D1D1314CD00F50E7A /* Assets.xcassets */,
				AFA4669F1D1314CD00F50E7A /* LaunchScreen.storyboard */,
				AFA466A21D1314CD00F50E7A /* Info.plist */,
			);
			path = TumblrFeed;
			sourceTree = "<group>";
		};
		AFA466AA1D1314CD00F50E7A /* TumblrFeedTests */ = {
			isa = PBXGroup;
			children = (
				AFA466AB1D1314CD00F50E7A /* TumblrFeedTests.swift */,
				AFA466AD1D1314CD00F50E7A /* Info.plist */,
			);
			path = TumblrFeedTests;
			sourceTree = "<group>";
		};
		AFA466B51D1314CD00F50E7A /* TumblrFeedUITests */ = {
			isa = PBXGroup;
			children = (
				AFA466B61D1314CD00F50E7A /* TumblrFeedUITests.swift */,
				AFA466B81D1314CD00F50E7A /* Info.plist */,
			);
			path = TumblrFeedUITests;
			sourceTree = "<group>";
		};
/* End PBXGroup section */

/* Begin PBXNativeTarget section */
		AFA466921D1314CD00F50E7A /* TumblrFeed */ = {
			isa = PBXNativeTarget;
			buildConfigurationList = AFA466BB1D1314CD00F50E7A /* Build configuration list for PBXNativeTarget "TumblrFeed" */;
			buildPhases = (
				B944BECB2FDA9549D460A411 /* [CP] Check Pods Manifest.lock */,
				AFA4668F1D1314CD00F50E7A /* Sources */,
				AFA466901D1314CD00F50E7A /* Frameworks */,
				AFA466911D1314CD00F50E7A /* Resources */,
				11B7BF162D236329DC3C9558 /* [CP] Embed Pods Frameworks */,
				5B7F00B079C8A8126C88E9ED /* [CP] Copy Pods Resources */,
			);
			buildRules = (
			);
			dependencies = (
			);
			name = TumblrFeed;
			productName = TumblrFeed;
			productReference = AFA466931D1314CD00F50E7A /* TumblrFeed.app */;
			productType = "com.apple.product-type.application";
		};
		AFA466A61D1314CD00F50E7A /* TumblrFeedTests */ = {
			isa = PBXNativeTarget;
			buildConfigurationList = AFA466BE1D1314CD00F50E7A /* Build configuration list for PBXNativeTarget "TumblrFeedTests" */;
			buildPhases = (
				6BC3ACDA5EAC268ED7E690E7 /* [CP] Check Pods Manifest.lock */,
				AFA466A31D1314CD00F50E7A /* Sources */,
				AFA466A41D1314CD00F50E7A /* Frameworks */,
				AFA466A51D1314CD00F50E7A /* Resources */,
				24AA1CAA289BE1E5397CCBB6 /* [CP] Embed Pods Frameworks */,
				AB7599126FC9EB6616A9A72C /* [CP] Copy Pods Resources */,
			);
			buildRules = (
			);
			dependencies = (
				AFA466A91D1314CD00F50E7A /* PBXTargetDependency */,
			);
			name = TumblrFeedTests;
			productName = TumblrFeedTests;
			productReference = AFA466A71D1314CD00F50E7A /* TumblrFeedTests.xctest */;
			productType = "com.apple.product-type.bundle.unit-test";
		};
		AFA466B11D1314CD00F50E7A /* TumblrFeedUITests */ = {
			isa = PBXNativeTarget;
			buildConfigurationList = AFA466C11D1314CD00F50E7A /* Build configuration list for PBXNativeTarget "TumblrFeedUITests" */;
			buildPhases = (
				C85EB1360D39AD6B878EC13D /* [CP] Check Pods Manifest.lock */,
				AFA466AE1D1314CD00F50E7A /* Sources */,
				AFA466AF1D1314CD00F50E7A /* Frameworks */,
				AFA466B01D1314CD00F50E7A /* Resources */,
				E0806AADDF110CEA22F8ECA2 /* [CP] Copy Pods Resources */,
			);
			buildRules = (
			);
			dependencies = (
				AFA466B41D1314CD00F50E7A /* PBXTargetDependency */,
			);
			name = TumblrFeedUITests;
			productName = TumblrFeedUITests;
			productReference = AFA466B21D1314CD00F50E7A /* TumblrFeedUITests.xctest */;
			productType = "com.apple.product-type.bundle.ui-testing";
		};
/* End PBXNativeTarget section */

/* Begin PBXProject section */
		AFA4668B1D1314CD00F50E7A /* Project object */ = {
			isa = PBXProject;
			attributes = {
				LastSwiftUpdateCheck = 0730;
				LastUpgradeCheck = 0730;
				ORGANIZATIONNAME = "Angeline Rao";
				TargetAttributes = {
					AFA466921D1314CD00F50E7A = {
						CreatedOnToolsVersion = 7.3.1;
					};
					AFA466A61D1314CD00F50E7A = {
						CreatedOnToolsVersion = 7.3.1;
						TestTargetID = AFA466921D1314CD00F50E7A;
					};
					AFA466B11D1314CD00F50E7A = {
						CreatedOnToolsVersion = 7.3.1;
						TestTargetID = AFA466921D1314CD00F50E7A;
					};
				};
			};
			buildConfigurationList = AFA4668E1D1314CD00F50E7A /* Build configuration list for PBXProject "TumblrFeed" */;
			compatibilityVersion = "Xcode 3.2";
			developmentRegion = English;
			hasScannedForEncodings = 0;
			knownRegions = (
				en,
				Base,
			);
			mainGroup = AFA4668A1D1314CD00F50E7A;
			productRefGroup = AFA466941D1314CD00F50E7A /* Products */;
			projectDirPath = "";
			projectRoot = "";
			targets = (
				AFA466921D1314CD00F50E7A /* TumblrFeed */,
				AFA466A61D1314CD00F50E7A /* TumblrFeedTests */,
				AFA466B11D1314CD00F50E7A /* TumblrFeedUITests */,
			);
		};
/* End PBXProject section */

/* Begin PBXResourcesBuildPhase section */
		AFA466911D1314CD00F50E7A /* Resources */ = {
			isa = PBXResourcesBuildPhase;
			buildActionMask = 2147483647;
			files = (
				AFA466A11D1314CD00F50E7A /* LaunchScreen.storyboard in Resources */,
				AFA4669E1D1314CD00F50E7A /* Assets.xcassets in Resources */,
				AFA4669C1D1314CD00F50E7A /* Main.storyboard in Resources */,
			);
			runOnlyForDeploymentPostprocessing = 0;
		};
		AFA466A51D1314CD00F50E7A /* Resources */ = {
			isa = PBXResourcesBuildPhase;
			buildActionMask = 2147483647;
			files = (
			);
			runOnlyForDeploymentPostprocessing = 0;
		};
		AFA466B01D1314CD00F50E7A /* Resources */ = {
			isa = PBXResourcesBuildPhase;
			buildActionMask = 2147483647;
			files = (
			);
			runOnlyForDeploymentPostprocessing = 0;
		};
/* End PBXResourcesBuildPhase section */

/* Begin PBXShellScriptBuildPhase section */
		11B7BF162D236329DC3C9558 /* [CP] Embed Pods Frameworks */ = {
			isa = PBXShellScriptBuildPhase;
			buildActionMask = 2147483647;
			files = (
			);
			inputPaths = (
			);
			name = "[CP] Embed Pods Frameworks";
			outputPaths = (
			);
			runOnlyForDeploymentPostprocessing = 0;
			shellPath = /bin/sh;
			shellScript = "\"${SRCROOT}/Pods/Target Support Files/Pods-TumblrFeed/Pods-TumblrFeed-frameworks.sh\"\n";
			showEnvVarsInLog = 0;
		};
		24AA1CAA289BE1E5397CCBB6 /* [CP] Embed Pods Frameworks */ = {
			isa = PBXShellScriptBuildPhase;
			buildActionMask = 2147483647;
			files = (
			);
			inputPaths = (
			);
			name = "[CP] Embed Pods Frameworks";
			outputPaths = (
			);
			runOnlyForDeploymentPostprocessing = 0;
			shellPath = /bin/sh;
			shellScript = "\"${SRCROOT}/Pods/Target Support Files/Pods-TumblrFeedTests/Pods-TumblrFeedTests-frameworks.sh\"\n";
			showEnvVarsInLog = 0;
		};
		5B7F00B079C8A8126C88E9ED /* [CP] Copy Pods Resources */ = {
			isa = PBXShellScriptBuildPhase;
			buildActionMask = 2147483647;
			files = (
			);
			inputPaths = (
			);
			name = "[CP] Copy Pods Resources";
			outputPaths = (
			);
			runOnlyForDeploymentPostprocessing = 0;
			shellPath = /bin/sh;
			shellScript = "\"${SRCROOT}/Pods/Target Support Files/Pods-TumblrFeed/Pods-TumblrFeed-resources.sh\"\n";
			showEnvVarsInLog = 0;
		};
		6BC3ACDA5EAC268ED7E690E7 /* [CP] Check Pods Manifest.lock */ = {
			isa = PBXShellScriptBuildPhase;
			buildActionMask = 2147483647;
			files = (
			);
			inputPaths = (
			);
			name = "[CP] Check Pods Manifest.lock";
			outputPaths = (
			);
			runOnlyForDeploymentPostprocessing = 0;
			shellPath = /bin/sh;
			shellScript = "diff \"${PODS_ROOT}/../Podfile.lock\" \"${PODS_ROOT}/Manifest.lock\" > /dev/null\nif [[ $? != 0 ]] ; then\n    cat << EOM\nerror: The sandbox is not in sync with the Podfile.lock. Run 'pod install' or update your CocoaPods installation.\nEOM\n    exit 1\nfi\n";
			showEnvVarsInLog = 0;
		};
		AB7599126FC9EB6616A9A72C /* [CP] Copy Pods Resources */ = {
			isa = PBXShellScriptBuildPhase;
			buildActionMask = 2147483647;
			files = (
			);
			inputPaths = (
			);
			name = "[CP] Copy Pods Resources";
			outputPaths = (
			);
			runOnlyForDeploymentPostprocessing = 0;
			shellPath = /bin/sh;
			shellScript = "\"${SRCROOT}/Pods/Target Support Files/Pods-TumblrFeedTests/Pods-TumblrFeedTests-resources.sh\"\n";
			showEnvVarsInLog = 0;
		};
		B944BECB2FDA9549D460A411 /* [CP] Check Pods Manifest.lock */ = {
			isa = PBXShellScriptBuildPhase;
			buildActionMask = 2147483647;
			files = (
			);
			inputPaths = (
			);
			name = "[CP] Check Pods Manifest.lock";
			outputPaths = (
			);
			runOnlyForDeploymentPostprocessing = 0;
			shellPath = /bin/sh;
			shellScript = "diff \"${PODS_ROOT}/../Podfile.lock\" \"${PODS_ROOT}/Manifest.lock\" > /dev/null\nif [[ $? != 0 ]] ; then\n    cat << EOM\nerror: The sandbox is not in sync with the Podfile.lock. Run 'pod install' or update your CocoaPods installation.\nEOM\n    exit 1\nfi\n";
			showEnvVarsInLog = 0;
		};
		C85EB1360D39AD6B878EC13D /* [CP] Check Pods Manifest.lock */ = {
			isa = PBXShellScriptBuildPhase;
			buildActionMask = 2147483647;
			files = (
			);
			inputPaths = (
			);
			name = "[CP] Check Pods Manifest.lock";
			outputPaths = (
			);
			runOnlyForDeploymentPostprocessing = 0;
			shellPath = /bin/sh;
			shellScript = "diff \"${PODS_ROOT}/../Podfile.lock\" \"${PODS_ROOT}/Manifest.lock\" > /dev/null\nif [[ $? != 0 ]] ; then\n    cat << EOM\nerror: The sandbox is not in sync with the Podfile.lock. Run 'pod install' or update your CocoaPods installation.\nEOM\n    exit 1\nfi\n";
			showEnvVarsInLog = 0;
		};
		E0806AADDF110CEA22F8ECA2 /* [CP] Copy Pods Resources */ = {
			isa = PBXShellScriptBuildPhase;
			buildActionMask = 2147483647;
			files = (
			);
			inputPaths = (
			);
			name = "[CP] Copy Pods Resources";
			outputPaths = (
			);
			runOnlyForDeploymentPostprocessing = 0;
			shellPath = /bin/sh;
			shellScript = "\"${SRCROOT}/Pods/Target Support Files/Pods-TumblrFeedUITests/Pods-TumblrFeedUITests-resources.sh\"\n";
			showEnvVarsInLog = 0;
		};
/* End PBXShellScriptBuildPhase section */

/* Begin PBXSourcesBuildPhase section */
		AFA4668F1D1314CD00F50E7A /* Sources */ = {
			isa = PBXSourcesBuildPhase;
			buildActionMask = 2147483647;
			files = (
				AFA466C91D13203F00F50E7A /* PhotoDetailsViewController.swift in Sources */,
				AFA466971D1314CD00F50E7A /* AppDelegate.swift in Sources */,
				AFA466C71D131CA200F50E7A /* PhotoCell.swift in Sources */,
				AFA466C51D13169600F50E7A /* PhotosViewController.swift in Sources */,
			);
			runOnlyForDeploymentPostprocessing = 0;
		};
		AFA466A31D1314CD00F50E7A /* Sources */ = {
			isa = PBXSourcesBuildPhase;
			buildActionMask = 2147483647;
			files = (
				AFA466AC1D1314CD00F50E7A /* TumblrFeedTests.swift in Sources */,
			);
			runOnlyForDeploymentPostprocessing = 0;
		};
		AFA466AE1D1314CD00F50E7A /* Sources */ = {
			isa = PBXSourcesBuildPhase;
			buildActionMask = 2147483647;
			files = (
				AFA466B71D1314CD00F50E7A /* TumblrFeedUITests.swift in Sources */,
			);
			runOnlyForDeploymentPostprocessing = 0;
		};
/* End PBXSourcesBuildPhase section */

/* Begin PBXTargetDependency section */
		AFA466A91D1314CD00F50E7A /* PBXTargetDependency */ = {
			isa = PBXTargetDependency;
			target = AFA466921D1314CD00F50E7A /* TumblrFeed */;
			targetProxy = AFA466A81D1314CD00F50E7A /* PBXContainerItemProxy */;
		};
		AFA466B41D1314CD00F50E7A /* PBXTargetDependency */ = {
			isa = PBXTargetDependency;
			target = AFA466921D1314CD00F50E7A /* TumblrFeed */;
			targetProxy = AFA466B31D1314CD00F50E7A /* PBXContainerItemProxy */;
		};
/* End PBXTargetDependency section */

/* Begin PBXVariantGroup section */
		AFA4669A1D1314CD00F50E7A /* Main.storyboard */ = {
			isa = PBXVariantGroup;
			children = (
				AFA4669B1D1314CD00F50E7A /* Base */,
			);
			name = Main.storyboard;
			sourceTree = "<group>";
		};
		AFA4669F1D1314CD00F50E7A /* LaunchScreen.storyboard */ = {
			isa = PBXVariantGroup;
			children = (
				AFA466A01D1314CD00F50E7A /* Base */,
			);
			name = LaunchScreen.storyboard;
			sourceTree = "<group>";
		};
/* End PBXVariantGroup section */

/* Begin XCBuildConfiguration section */
		AFA466B91D1314CD00F50E7A /* Debug */ = {
			isa = XCBuildConfiguration;
			buildSettings = {
				ALWAYS_SEARCH_USER_PATHS = NO;
				CLANG_ANALYZER_NONNULL = YES;
				CLANG_CXX_LANGUAGE_STANDARD = "gnu++0x";
				CLANG_CXX_LIBRARY = "libc++";
				CLANG_ENABLE_MODULES = YES;
				CLANG_ENABLE_OBJC_ARC = YES;
				CLANG_WARN_BOOL_CONVERSION = YES;
				CLANG_WARN_CONSTANT_CONVERSION = YES;
				CLANG_WARN_DIRECT_OBJC_ISA_USAGE = YES_ERROR;
				CLANG_WARN_EMPTY_BODY = YES;
				CLANG_WARN_ENUM_CONVERSION = YES;
				CLANG_WARN_INT_CONVERSION = YES;
				CLANG_WARN_OBJC_ROOT_CLASS = YES_ERROR;
				CLANG_WARN_UNREACHABLE_CODE = YES;
				CLANG_WARN__DUPLICATE_METHOD_MATCH = YES;
				"CODE_SIGN_IDENTITY[sdk=iphoneos*]" = "iPhone Developer";
				COPY_PHASE_STRIP = NO;
				DEBUG_INFORMATION_FORMAT = dwarf;
				ENABLE_STRICT_OBJC_MSGSEND = YES;
				ENABLE_TESTABILITY = YES;
				GCC_C_LANGUAGE_STANDARD = gnu99;
				GCC_DYNAMIC_NO_PIC = NO;
				GCC_NO_COMMON_BLOCKS = YES;
				GCC_OPTIMIZATION_LEVEL = 0;
				GCC_PREPROCESSOR_DEFINITIONS = (
					"DEBUG=1",
					"$(inherited)",
				);
				GCC_WARN_64_TO_32_BIT_CONVERSION = YES;
				GCC_WARN_ABOUT_RETURN_TYPE = YES_ERROR;
				GCC_WARN_UNDECLARED_SELECTOR = YES;
				GCC_WARN_UNINITIALIZED_AUTOS = YES_AGGRESSIVE;
				GCC_WARN_UNUSED_FUNCTION = YES;
				GCC_WARN_UNUSED_VARIABLE = YES;
				IPHONEOS_DEPLOYMENT_TARGET = 9.3;
				MTL_ENABLE_DEBUG_INFO = YES;
				ONLY_ACTIVE_ARCH = YES;
				SDKROOT = iphoneos;
				SWIFT_OPTIMIZATION_LEVEL = "-Onone";
			};
			name = Debug;
		};
		AFA466BA1D1314CD00F50E7A /* Release */ = {
			isa = XCBuildConfiguration;
			buildSettings = {
				ALWAYS_SEARCH_USER_PATHS = NO;
				CLANG_ANALYZER_NONNULL = YES;
				CLANG_CXX_LANGUAGE_STANDARD = "gnu++0x";
				CLANG_CXX_LIBRARY = "libc++";
				CLANG_ENABLE_MODULES = YES;
				CLANG_ENABLE_OBJC_ARC = YES;
				CLANG_WARN_BOOL_CONVERSION = YES;
				CLANG_WARN_CONSTANT_CONVERSION = YES;
				CLANG_WARN_DIRECT_OBJC_ISA_USAGE = YES_ERROR;
				CLANG_WARN_EMPTY_BODY = YES;
				CLANG_WARN_ENUM_CONVERSION = YES;
				CLANG_WARN_INT_CONVERSION = YES;
				CLANG_WARN_OBJC_ROOT_CLASS = YES_ERROR;
				CLANG_WARN_UNREACHABLE_CODE = YES;
				CLANG_WARN__DUPLICATE_METHOD_MATCH = YES;
				"CODE_SIGN_IDENTITY[sdk=iphoneos*]" = "iPhone Developer";
				COPY_PHASE_STRIP = NO;
				DEBUG_INFORMATION_FORMAT = "dwarf-with-dsym";
				ENABLE_NS_ASSERTIONS = NO;
				ENABLE_STRICT_OBJC_MSGSEND = YES;
				GCC_C_LANGUAGE_STANDARD = gnu99;
				GCC_NO_COMMON_BLOCKS = YES;
				GCC_WARN_64_TO_32_BIT_CONVERSION = YES;
				GCC_WARN_ABOUT_RETURN_TYPE = YES_ERROR;
				GCC_WARN_UNDECLARED_SELECTOR = YES;
				GCC_WARN_UNINITIALIZED_AUTOS = YES_AGGRESSIVE;
				GCC_WARN_UNUSED_FUNCTION = YES;
				GCC_WARN_UNUSED_VARIABLE = YES;
				IPHONEOS_DEPLOYMENT_TARGET = 9.3;
				MTL_ENABLE_DEBUG_INFO = NO;
				SDKROOT = iphoneos;
				VALIDATE_PRODUCT = YES;
			};
			name = Release;
		};
		AFA466BC1D1314CD00F50E7A /* Debug */ = {
			isa = XCBuildConfiguration;
			baseConfigurationReference = AEA9F0FFE6215E8C88FAF82B /* Pods-TumblrFeed.debug.xcconfig */;
			buildSettings = {
				ASSETCATALOG_COMPILER_APPICON_NAME = AppIcon;
				INFOPLIST_FILE = TumblrFeed/Info.plist;
				LD_RUNPATH_SEARCH_PATHS = "$(inherited) @executable_path/Frameworks";
				PRODUCT_BUNDLE_IDENTIFIER = com.facebook.TumblrFeed;
				PRODUCT_NAME = "$(TARGET_NAME)";
			};
			name = Debug;
		};
		AFA466BD1D1314CD00F50E7A /* Release */ = {
			isa = XCBuildConfiguration;
			baseConfigurationReference = 4BED67CC827B735DC663EC78 /* Pods-TumblrFeed.release.xcconfig */;
			buildSettings = {
				ASSETCATALOG_COMPILER_APPICON_NAME = AppIcon;
				INFOPLIST_FILE = TumblrFeed/Info.plist;
				LD_RUNPATH_SEARCH_PATHS = "$(inherited) @executable_path/Frameworks";
				PRODUCT_BUNDLE_IDENTIFIER = com.facebook.TumblrFeed;
				PRODUCT_NAME = "$(TARGET_NAME)";
			};
			name = Release;
		};
		AFA466BF1D1314CD00F50E7A /* Debug */ = {
			isa = XCBuildConfiguration;
			baseConfigurationReference = 390997328637C4630081E358 /* Pods-TumblrFeedTests.debug.xcconfig */;
			buildSettings = {
				BUNDLE_LOADER = "$(TEST_HOST)";
				INFOPLIST_FILE = TumblrFeedTests/Info.plist;
				LD_RUNPATH_SEARCH_PATHS = "$(inherited) @executable_path/Frameworks @loader_path/Frameworks";
				PRODUCT_BUNDLE_IDENTIFIER = com.facebook.TumblrFeedTests;
				PRODUCT_NAME = "$(TARGET_NAME)";
				TEST_HOST = "$(BUILT_PRODUCTS_DIR)/TumblrFeed.app/TumblrFeed";
			};
			name = Debug;
		};
		AFA466C01D1314CD00F50E7A /* Release */ = {
			isa = XCBuildConfiguration;
			baseConfigurationReference = 9BA33FDC3FAB459C08EE6806 /* Pods-TumblrFeedTests.release.xcconfig */;
			buildSettings = {
				BUNDLE_LOADER = "$(TEST_HOST)";
				INFOPLIST_FILE = TumblrFeedTests/Info.plist;
				LD_RUNPATH_SEARCH_PATHS = "$(inherited) @executable_path/Frameworks @loader_path/Frameworks";
				PRODUCT_BUNDLE_IDENTIFIER = com.facebook.TumblrFeedTests;
				PRODUCT_NAME = "$(TARGET_NAME)";
				TEST_HOST = "$(BUILT_PRODUCTS_DIR)/TumblrFeed.app/TumblrFeed";
			};
			name = Release;
		};
		AFA466C21D1314CD00F50E7A /* Debug */ = {
			isa = XCBuildConfiguration;
			baseConfigurationReference = BF311A5FE30AAC055BAB02A2 /* Pods-TumblrFeedUITests.debug.xcconfig */;
			buildSettings = {
				INFOPLIST_FILE = TumblrFeedUITests/Info.plist;
				LD_RUNPATH_SEARCH_PATHS = "$(inherited) @executable_path/Frameworks @loader_path/Frameworks";
				PRODUCT_BUNDLE_IDENTIFIER = com.facebook.TumblrFeedUITests;
				PRODUCT_NAME = "$(TARGET_NAME)";
				TEST_TARGET_NAME = TumblrFeed;
			};
			name = Debug;
		};
		AFA466C31D1314CD00F50E7A /* Release */ = {
			isa = XCBuildConfiguration;
			baseConfigurationReference = ED302EF0D572C77760563134 /* Pods-TumblrFeedUITests.release.xcconfig */;
			buildSettings = {
				INFOPLIST_FILE = TumblrFeedUITests/Info.plist;
				LD_RUNPATH_SEARCH_PATHS = "$(inherited) @executable_path/Frameworks @loader_path/Frameworks";
				PRODUCT_BUNDLE_IDENTIFIER = com.facebook.TumblrFeedUITests;
				PRODUCT_NAME = "$(TARGET_NAME)";
				TEST_TARGET_NAME = TumblrFeed;
			};
			name = Release;
		};
/* End XCBuildConfiguration section */

/* Begin XCConfigurationList section */
		AFA4668E1D1314CD00F50E7A /* Build configuration list for PBXProject "TumblrFeed" */ = {
			isa = XCConfigurationList;
			buildConfigurations = (
				AFA466B91D1314CD00F50E7A /* Debug */,
				AFA466BA1D1314CD00F50E7A /* Release */,
			);
			defaultConfigurationIsVisible = 0;
			defaultConfigurationName = Release;
		};
		AFA466BB1D1314CD00F50E7A /* Build configuration list for PBXNativeTarget "TumblrFeed" */ = {
			isa = XCConfigurationList;
			buildConfigurations = (
				AFA466BC1D1314CD00F50E7A /* Debug */,
				AFA466BD1D1314CD00F50E7A /* Release */,
			);
			defaultConfigurationIsVisible = 0;
			defaultConfigurationName = Release;
		};
		AFA466BE1D1314CD00F50E7A /* Build configuration list for PBXNativeTarget "TumblrFeedTests" */ = {
			isa = XCConfigurationList;
			buildConfigurations = (
				AFA466BF1D1314CD00F50E7A /* Debug */,
				AFA466C01D1314CD00F50E7A /* Release */,
			);
			defaultConfigurationIsVisible = 0;
			defaultConfigurationName = Release;
		};
		AFA466C11D1314CD00F50E7A /* Build configuration list for PBXNativeTarget "TumblrFeedUITests" */ = {
			isa = XCConfigurationList;
			buildConfigurations = (
				AFA466C21D1314CD00F50E7A /* Debug */,
				AFA466C31D1314CD00F50E7A /* Release */,
			);
			defaultConfigurationIsVisible = 0;
			defaultConfigurationName = Release;
		};
/* End XCConfigurationList section */
	};
	rootObject = AFA4668B1D1314CD00F50E7A /* Project object */;
}
